
Microsoft Visual Studio Solution File, Format Version 12.00
# Visual Studio Version 16
VisualStudioVersion = 16.0.31515.178
MinimumVisualStudioVersion = 10.0.40219.1
Project("{9A19103F-16F7-4668-BE54-9A1E7A4F7556}") = "TLOverbookingApi", "TLOverbookingApi\TLOverbookingApi.csproj", "{718596B5-A8E2-404F-847A-12779F3B517D}"
EndProject
Project("{9A19103F-16F7-4668-BE54-9A1E7A4F7556}") = "TLOverbookingDomain", "TLOverbookingDomain\TLOverbookingDomain.csproj", "{0C23F79A-2425-45F4-A88E-A2F2B10D133A}"
EndProject
Project("{9A19103F-16F7-4668-BE54-9A1E7A4F7556}") = "TLOverbookingApplication", "TLOverbookingApplication\TLOverbookingApplication.csproj", "{6618EE9B-78A4-4A6D-9E37-09CE50E1139F}"
EndProject
Project("{9A19103F-16F7-4668-BE54-9A1E7A4F7556}") = "TLOverbookingInfrastructure", "TLOverbookingInfrastructure\TLOverbookingInfrastructure.csproj", "{E5CA84AF-EB64-4EFD-93F7-D11C85D02E45}"
EndProject
Project("{FAE04EC0-301F-11D3-BF4B-00C04F79EFBC}") = "TLOverbookingML", "TLOverbookingML\TLOverbookingML.csproj", "{8983728A-04BC-48D4-A4C3-EFC73CFA9B8D}"
EndProject
Global
	GlobalSection(SolutionConfigurationPlatforms) = preSolution
		Debug|Any CPU = Debug|Any CPU
		Release|Any CPU = Release|Any CPU
	EndGlobalSection
	GlobalSection(ProjectConfigurationPlatforms) = postSolution
		{718596B5-A8E2-404F-847A-12779F3B517D}.Debug|Any CPU.ActiveCfg = Debug|Any CPU
		{718596B5-A8E2-404F-847A-12779F3B517D}.Debug|Any CPU.Build.0 = Debug|Any CPU
		{718596B5-A8E2-404F-847A-12779F3B517D}.Release|Any CPU.ActiveCfg = Release|Any CPU
		{718596B5-A8E2-404F-847A-12779F3B517D}.Release|Any CPU.Build.0 = Release|Any CPU
		{0C23F79A-2425-45F4-A88E-A2F2B10D133A}.Debug|Any CPU.ActiveCfg = Debug|Any CPU
		{0C23F79A-2425-45F4-A88E-A2F2B10D133A}.Debug|Any CPU.Build.0 = Debug|Any CPU
		{0C23F79A-2425-45F4-A88E-A2F2B10D133A}.Release|Any CPU.ActiveCfg = Release|Any CPU
		{0C23F79A-2425-45F4-A88E-A2F2B10D133A}.Release|Any CPU.Build.0 = Release|Any CPU
		{6618EE9B-78A4-4A6D-9E37-09CE50E1139F}.Debug|Any CPU.ActiveCfg = Debug|Any CPU
		{6618EE9B-78A4-4A6D-9E37-09CE50E1139F}.Debug|Any CPU.Build.0 = Debug|Any CPU
		{6618EE9B-78A4-4A6D-9E37-09CE50E1139F}.Release|Any CPU.ActiveCfg = Release|Any CPU
		{6618EE9B-78A4-4A6D-9E37-09CE50E1139F}.Release|Any CPU.Build.0 = Release|Any CPU
		{E5CA84AF-EB64-4EFD-93F7-D11C85D02E45}.Debug|Any CPU.ActiveCfg = Debug|Any CPU
		{E5CA84AF-EB64-4EFD-93F7-D11C85D02E45}.Debug|Any CPU.Build.0 = Debug|Any CPU
		{E5CA84AF-EB64-4EFD-93F7-D11C85D02E45}.Release|Any CPU.ActiveCfg = Release|Any CPU
		{E5CA84AF-EB64-4EFD-93F7-D11C85D02E45}.Release|Any CPU.Build.0 = Release|Any CPU
		{8983728A-04BC-48D4-A4C3-EFC73CFA9B8D}.Debug|Any CPU.ActiveCfg = Debug|Any CPU
		{8983728A-04BC-48D4-A4C3-EFC73CFA9B8D}.Debug|Any CPU.Build.0 = Debug|Any CPU
		{8983728A-04BC-48D4-A4C3-EFC73CFA9B8D}.Release|Any CPU.ActiveCfg = Release|Any CPU
		{8983728A-04BC-48D4-A4C3-EFC73CFA9B8D}.Release|Any CPU.Build.0 = Release|Any CPU
	EndGlobalSection
	GlobalSection(SolutionProperties) = preSolution
		HideSolutionNode = FALSE
	EndGlobalSection
	GlobalSection(ExtensibilityGlobals) = postSolution
		SolutionGuid = {FBFE34A9-14D4-40A3-8F97-2D3E49FB3192}
	EndGlobalSection
EndGlobal
